
Microsoft Visual Studio Solution File, Format Version 12.00
# Visual Studio Version 17
VisualStudioVersion = 17.7.34009.444
MinimumVisualStudioVersion = 10.0.40219.1
Project("{FAE04EC0-301F-11D3-BF4B-00C04F79EFBC}") = "E-commerce", "E-commerce\E-commerce.csproj", "{4122A12A-1A86-410B-8E82-773E17C620B7}"
EndProject
Global
	GlobalSection(SolutionConfigurationPlatforms) = preSolution
		Debug|Any CPU = Debug|Any CPU
		Release|Any CPU = Release|Any CPU
	EndGlobalSection
	GlobalSection(ProjectConfigurationPlatforms) = postSolution
		{4122A12A-1A86-410B-8E82-773E17C620B7}.Debug|Any CPU.ActiveCfg = Debug|Any CPU
		{4122A12A-1A86-410B-8E82-773E17C620B7}.Debug|Any CPU.Build.0 = Debug|Any CPU
		{4122A12A-1A86-410B-8E82-773E17C620B7}.Release|Any CPU.ActiveCfg = Release|Any CPU
		{4122A12A-1A86-410B-8E82-773E17C620B7}.Release|Any CPU.Build.0 = Release|Any CPU
	EndGlobalSection
	GlobalSection(SolutionProperties) = preSolution
		HideSolutionNode = FALSE
	EndGlobalSection
	GlobalSection(ExtensibilityGlobals) = postSolution
		SolutionGuid = {FD3A6566-4B13-4C14-B4A9-194AB4001999}
	EndGlobalSection
EndGlobal
